
Microsoft Visual Studio Solution File, Format Version 12.00
# Visual Studio 14
VisualStudioVersion = 14.0.25123.0
MinimumVisualStudioVersion = 10.0.40219.1
Project("{FAE04EC0-301F-11D3-BF4B-00C04F79EFBC}") = "MovieSearch.Droid", "MovieSearch\MovieSearch.Droid\MovieSearch.Droid.csproj", "{26CF2219-368B-4427-9298-A8B39086345E}"
EndProject
Project("{FAE04EC0-301F-11D3-BF4B-00C04F79EFBC}") = "MovieSearch.iOS", "MovieSearch\MovieSearch.iOS\MovieSearch.iOS.csproj", "{16AE59A1-1CE6-4EDE-A9DF-AFC9F975F33F}"
EndProject
Project("{FAE04EC0-301F-11D3-BF4B-00C04F79EFBC}") = "MovieSearch", "MovieSearch\MovieSearch\MovieSearch.csproj", "{25FEB062-7B61-47E8-B2D8-C8377B670D4B}"
EndProject
Project("{D954291E-2A0B-460D-934E-DC6B0785DB48}") = "MovieDownload", "MovieDownload\MovieDownload.shproj", "{8E0A00B1-D0E6-48F6-AA04-26171F002437}"
EndProject
Project("{D954291E-2A0B-460D-934E-DC6B0785DB48}") = "SharedProject1", "SharedProject1\SharedProject1.shproj", "{130D845E-D4B9-46A0-A0D1-F2B28A4EA06D}"
EndProject
Global
	GlobalSection(SharedMSBuildProjectFiles) = preSolution
		MovieDownload\MovieDownload.projitems*{16ae59a1-1ce6-4ede-a9df-afc9f975f33f}*SharedItemsImports = 4
		SharedProject1\SharedProject1.projitems*{130d845e-d4b9-46a0-a0d1-f2b28a4ea06d}*SharedItemsImports = 13
		MovieDownload\MovieDownload.projitems*{8e0a00b1-d0e6-48f6-aa04-26171f002437}*SharedItemsImports = 13
	EndGlobalSection
	GlobalSection(SolutionConfigurationPlatforms) = preSolution
		Debug|Any CPU = Debug|Any CPU
		Debug|iPhone = Debug|iPhone
		Debug|iPhoneSimulator = Debug|iPhoneSimulator
		Release|Any CPU = Release|Any CPU
		Release|iPhone = Release|iPhone
		Release|iPhoneSimulator = Release|iPhoneSimulator
	EndGlobalSection
	GlobalSection(ProjectConfigurationPlatforms) = postSolution
		{26CF2219-368B-4427-9298-A8B39086345E}.Debug|Any CPU.ActiveCfg = Debug|Any CPU
		{26CF2219-368B-4427-9298-A8B39086345E}.Debug|Any CPU.Build.0 = Debug|Any CPU
		{26CF2219-368B-4427-9298-A8B39086345E}.Debug|Any CPU.Deploy.0 = Debug|Any CPU
		{26CF2219-368B-4427-9298-A8B39086345E}.Debug|iPhone.ActiveCfg = Debug|Any CPU
		{26CF2219-368B-4427-9298-A8B39086345E}.Debug|iPhoneSimulator.ActiveCfg = Debug|Any CPU
		{26CF2219-368B-4427-9298-A8B39086345E}.Release|Any CPU.ActiveCfg = Release|Any CPU
		{26CF2219-368B-4427-9298-A8B39086345E}.Release|Any CPU.Build.0 = Release|Any CPU
		{26CF2219-368B-4427-9298-A8B39086345E}.Release|Any CPU.Deploy.0 = Release|Any CPU
		{26CF2219-368B-4427-9298-A8B39086345E}.Release|iPhone.ActiveCfg = Release|Any CPU
		{26CF2219-368B-4427-9298-A8B39086345E}.Release|iPhone.Build.0 = Release|Any CPU
		{26CF2219-368B-4427-9298-A8B39086345E}.Release|iPhone.Deploy.0 = Release|Any CPU
		{26CF2219-368B-4427-9298-A8B39086345E}.Release|iPhoneSimulator.ActiveCfg = Release|Any CPU
		{26CF2219-368B-4427-9298-A8B39086345E}.Release|iPhoneSimulator.Build.0 = Release|Any CPU
		{26CF2219-368B-4427-9298-A8B39086345E}.Release|iPhoneSimulator.Deploy.0 = Release|Any CPU
		{16AE59A1-1CE6-4EDE-A9DF-AFC9F975F33F}.Debug|Any CPU.ActiveCfg = Debug|iPhone
		{16AE59A1-1CE6-4EDE-A9DF-AFC9F975F33F}.Debug|iPhone.ActiveCfg = Debug|iPhone
		{16AE59A1-1CE6-4EDE-A9DF-AFC9F975F33F}.Debug|iPhoneSimulator.ActiveCfg = Debug|iPhoneSimulator
		{16AE59A1-1CE6-4EDE-A9DF-AFC9F975F33F}.Debug|iPhoneSimulator.Build.0 = Debug|iPhoneSimulator
		{16AE59A1-1CE6-4EDE-A9DF-AFC9F975F33F}.Debug|iPhoneSimulator.Deploy.0 = Debug|iPhoneSimulator
		{16AE59A1-1CE6-4EDE-A9DF-AFC9F975F33F}.Release|Any CPU.ActiveCfg = Release|iPhone
		{16AE59A1-1CE6-4EDE-A9DF-AFC9F975F33F}.Release|iPhone.ActiveCfg = Release|iPhone
		{16AE59A1-1CE6-4EDE-A9DF-AFC9F975F33F}.Release|iPhone.Build.0 = Release|iPhone
		{16AE59A1-1CE6-4EDE-A9DF-AFC9F975F33F}.Release|iPhoneSimulator.ActiveCfg = Release|iPhoneSimulator
		{16AE59A1-1CE6-4EDE-A9DF-AFC9F975F33F}.Release|iPhoneSimulator.Build.0 = Release|iPhoneSimulator
		{25FEB062-7B61-47E8-B2D8-C8377B670D4B}.Debug|Any CPU.ActiveCfg = Debug|Any CPU
		{25FEB062-7B61-47E8-B2D8-C8377B670D4B}.Debug|Any CPU.Build.0 = Debug|Any CPU
		{25FEB062-7B61-47E8-B2D8-C8377B670D4B}.Debug|iPhone.ActiveCfg = Debug|Any CPU
		{25FEB062-7B61-47E8-B2D8-C8377B670D4B}.Debug|iPhoneSimulator.ActiveCfg = Debug|Any CPU
		{25FEB062-7B61-47E8-B2D8-C8377B670D4B}.Debug|iPhoneSimulator.Build.0 = Debug|Any CPU
		{25FEB062-7B61-47E8-B2D8-C8377B670D4B}.Release|Any CPU.ActiveCfg = Release|Any CPU
		{25FEB062-7B61-47E8-B2D8-C8377B670D4B}.Release|Any CPU.Build.0 = Release|Any CPU
		{25FEB062-7B61-47E8-B2D8-C8377B670D4B}.Release|iPhone.ActiveCfg = Release|Any CPU
		{25FEB062-7B61-47E8-B2D8-C8377B670D4B}.Release|iPhone.Build.0 = Release|Any CPU
		{25FEB062-7B61-47E8-B2D8-C8377B670D4B}.Release|iPhoneSimulator.ActiveCfg = Release|Any CPU
		{25FEB062-7B61-47E8-B2D8-C8377B670D4B}.Release|iPhoneSimulator.Build.0 = Release|Any CPU
	EndGlobalSection
	GlobalSection(SolutionProperties) = preSolution
		HideSolutionNode = FALSE
	EndGlobalSection
EndGlobal
